
Microsoft Visual Studio Solution File, Format Version 12.00
# Visual Studio Version 17
VisualStudioVersion = 17.1.32210.238
MinimumVisualStudioVersion = 10.0.40219.1
Project("{9A19103F-16F7-4668-BE54-9A1E7A4F7556}") = "Demo.EntryPoint", "Demo.EntryPoint\Demo.EntryPoint.csproj", "{BD474454-A91B-41C3-9B84-DF8FD94AA852}"
EndProject
Project("{9A19103F-16F7-4668-BE54-9A1E7A4F7556}") = "Demo.Tests", "Demo.Tests\Demo.Tests.csproj", "{77C5D2BD-B8D7-417A-B083-14039661343F}"
EndProject
Project("{2150E333-8FDC-42A3-9474-1A3956D46DE8}") = "Database", "Database", "{503F9F50-E74C-4CCC-A97B-730B2B32E7DD}"
EndProject
Project("{9A19103F-16F7-4668-BE54-9A1E7A4F7556}") = "Demo.Database.Context", "Database\Demo.Database.Context\Demo.Database.Context.csproj", "{0B53E99D-CEBB-458D-A7D7-897ED7AE3738}"
EndProject
Project("{9A19103F-16F7-4668-BE54-9A1E7A4F7556}") = "Demo.Database.Models", "Database\Demo.Database.Models\Demo.Database.Models.csproj", "{99F8392D-83FC-46C8-B26A-10C203389160}"
EndProject
Project("{9A19103F-16F7-4668-BE54-9A1E7A4F7556}") = "Demo.Database.Repositories", "Database\Demo.Database.Repositories\Demo.Database.Repositories.csproj", "{C3812D05-2227-482F-8E3F-FDBD3B4A3851}"
EndProject
Global
	GlobalSection(SolutionConfigurationPlatforms) = preSolution
		Debug|Any CPU = Debug|Any CPU
		Release|Any CPU = Release|Any CPU
	EndGlobalSection
	GlobalSection(ProjectConfigurationPlatforms) = postSolution
		{BD474454-A91B-41C3-9B84-DF8FD94AA852}.Debug|Any CPU.ActiveCfg = Debug|Any CPU
		{BD474454-A91B-41C3-9B84-DF8FD94AA852}.Debug|Any CPU.Build.0 = Debug|Any CPU
		{BD474454-A91B-41C3-9B84-DF8FD94AA852}.Release|Any CPU.ActiveCfg = Release|Any CPU
		{BD474454-A91B-41C3-9B84-DF8FD94AA852}.Release|Any CPU.Build.0 = Release|Any CPU
		{77C5D2BD-B8D7-417A-B083-14039661343F}.Debug|Any CPU.ActiveCfg = Debug|Any CPU
		{77C5D2BD-B8D7-417A-B083-14039661343F}.Debug|Any CPU.Build.0 = Debug|Any CPU
		{77C5D2BD-B8D7-417A-B083-14039661343F}.Release|Any CPU.ActiveCfg = Release|Any CPU
		{77C5D2BD-B8D7-417A-B083-14039661343F}.Release|Any CPU.Build.0 = Release|Any CPU
		{0B53E99D-CEBB-458D-A7D7-897ED7AE3738}.Debug|Any CPU.ActiveCfg = Debug|Any CPU
		{0B53E99D-CEBB-458D-A7D7-897ED7AE3738}.Debug|Any CPU.Build.0 = Debug|Any CPU
		{0B53E99D-CEBB-458D-A7D7-897ED7AE3738}.Release|Any CPU.ActiveCfg = Release|Any CPU
		{0B53E99D-CEBB-458D-A7D7-897ED7AE3738}.Release|Any CPU.Build.0 = Release|Any CPU
		{99F8392D-83FC-46C8-B26A-10C203389160}.Debug|Any CPU.ActiveCfg = Debug|Any CPU
		{99F8392D-83FC-46C8-B26A-10C203389160}.Debug|Any CPU.Build.0 = Debug|Any CPU
		{99F8392D-83FC-46C8-B26A-10C203389160}.Release|Any CPU.ActiveCfg = Release|Any CPU
		{99F8392D-83FC-46C8-B26A-10C203389160}.Release|Any CPU.Build.0 = Release|Any CPU
		{C3812D05-2227-482F-8E3F-FDBD3B4A3851}.Debug|Any CPU.ActiveCfg = Debug|Any CPU
		{C3812D05-2227-482F-8E3F-FDBD3B4A3851}.Debug|Any CPU.Build.0 = Debug|Any CPU
		{C3812D05-2227-482F-8E3F-FDBD3B4A3851}.Release|Any CPU.ActiveCfg = Release|Any CPU
		{C3812D05-2227-482F-8E3F-FDBD3B4A3851}.Release|Any CPU.Build.0 = Release|Any CPU
	EndGlobalSection
	GlobalSection(SolutionProperties) = preSolution
		HideSolutionNode = FALSE
	EndGlobalSection
	GlobalSection(NestedProjects) = preSolution
		{0B53E99D-CEBB-458D-A7D7-897ED7AE3738} = {503F9F50-E74C-4CCC-A97B-730B2B32E7DD}
		{99F8392D-83FC-46C8-B26A-10C203389160} = {503F9F50-E74C-4CCC-A97B-730B2B32E7DD}
		{C3812D05-2227-482F-8E3F-FDBD3B4A3851} = {503F9F50-E74C-4CCC-A97B-730B2B32E7DD}
	EndGlobalSection
	GlobalSection(ExtensibilityGlobals) = postSolution
		SolutionGuid = {139BDD3E-5617-4AFF-AAA2-0C60F28CAFDE}
	EndGlobalSection
EndGlobal
